
Microsoft Visual Studio Solution File, Format Version 11.00
# Visual Studio 2010
Project("{FAE04EC0-301F-11D3-BF4B-00C04F79EFBC}") = "WindowsGame1", "WindowsGame1\WindowsGame1\WindowsGame1.csproj", "{373852E7-EEE1-4C34-B387-75E8C5F5F90F}"
EndProject
Project("{96E2B04D-8817-42C6-938A-82C39BA4D311}") = "WindowsGame1Content", "WindowsGame1\WindowsGame1Content\WindowsGame1Content.contentproj", "{F2F5D855-3940-4BCD-86F3-3648340C7B5E}"
EndProject
Global
	GlobalSection(SolutionConfigurationPlatforms) = preSolution
		Debug|x86 = Debug|x86
		Release|x86 = Release|x86
	EndGlobalSection
	GlobalSection(ProjectConfigurationPlatforms) = postSolution
		{373852E7-EEE1-4C34-B387-75E8C5F5F90F}.Debug|x86.ActiveCfg = Debug|x86
		{373852E7-EEE1-4C34-B387-75E8C5F5F90F}.Debug|x86.Build.0 = Debug|x86
		{373852E7-EEE1-4C34-B387-75E8C5F5F90F}.Release|x86.ActiveCfg = Release|x86
		{373852E7-EEE1-4C34-B387-75E8C5F5F90F}.Release|x86.Build.0 = Release|x86
		{F2F5D855-3940-4BCD-86F3-3648340C7B5E}.Debug|x86.ActiveCfg = Debug|x86
		{F2F5D855-3940-4BCD-86F3-3648340C7B5E}.Release|x86.ActiveCfg = Release|x86
	EndGlobalSection
	GlobalSection(SolutionProperties) = preSolution
		HideSolutionNode = FALSE
	EndGlobalSection
EndGlobal
